
Microsoft Visual Studio Solution File, Format Version 12.00
# Visual Studio 15
VisualStudioVersion = 15.0.28307.168
MinimumVisualStudioVersion = 10.0.40219.1
Project("{FAE04EC0-301F-11D3-BF4B-00C04F79EFBC}") = "Web_EF_Test", "Web_EF_Test\Web_EF_Test.csproj", "{1FF75088-5AB5-48A4-AE15-58643A9D434F}"
EndProject
Global
	GlobalSection(SolutionConfigurationPlatforms) = preSolution
		Debug|Any CPU = Debug|Any CPU
		Release|Any CPU = Release|Any CPU
	EndGlobalSection
	GlobalSection(ProjectConfigurationPlatforms) = postSolution
		{1FF75088-5AB5-48A4-AE15-58643A9D434F}.Debug|Any CPU.ActiveCfg = Debug|Any CPU
		{1FF75088-5AB5-48A4-AE15-58643A9D434F}.Debug|Any CPU.Build.0 = Debug|Any CPU
		{1FF75088-5AB5-48A4-AE15-58643A9D434F}.Release|Any CPU.ActiveCfg = Release|Any CPU
		{1FF75088-5AB5-48A4-AE15-58643A9D434F}.Release|Any CPU.Build.0 = Release|Any CPU
	EndGlobalSection
	GlobalSection(SolutionProperties) = preSolution
		HideSolutionNode = FALSE
	EndGlobalSection
	GlobalSection(ExtensibilityGlobals) = postSolution
		SolutionGuid = {288C0048-004D-44F3-A126-2A7C53ECE447}
	EndGlobalSection
EndGlobal
